
Microsoft Visual Studio Solution File, Format Version 12.00
# Visual Studio Version 17
VisualStudioVersion = 17.6.33723.286
MinimumVisualStudioVersion = 10.0.40219.1
Project("{FAE04EC0-301F-11D3-BF4B-00C04F79EFBC}") = "zadanie8", "zadanie8\zadanie8.csproj", "{43C58ACC-5B16-43C3-9FC2-FD86D64E7CEB}"
EndProject
Global
	GlobalSection(SolutionConfigurationPlatforms) = preSolution
		Debug|Any CPU = Debug|Any CPU
		Release|Any CPU = Release|Any CPU
	EndGlobalSection
	GlobalSection(ProjectConfigurationPlatforms) = postSolution
		{43C58ACC-5B16-43C3-9FC2-FD86D64E7CEB}.Debug|Any CPU.ActiveCfg = Debug|Any CPU
		{43C58ACC-5B16-43C3-9FC2-FD86D64E7CEB}.Debug|Any CPU.Build.0 = Debug|Any CPU
		{43C58ACC-5B16-43C3-9FC2-FD86D64E7CEB}.Release|Any CPU.ActiveCfg = Release|Any CPU
		{43C58ACC-5B16-43C3-9FC2-FD86D64E7CEB}.Release|Any CPU.Build.0 = Release|Any CPU
	EndGlobalSection
	GlobalSection(SolutionProperties) = preSolution
		HideSolutionNode = FALSE
	EndGlobalSection
	GlobalSection(ExtensibilityGlobals) = postSolution
		SolutionGuid = {CAAA9BD8-4839-4393-960E-71B6A182D345}
	EndGlobalSection
EndGlobal
